
Microsoft Visual Studio Solution File, Format Version 12.00
# Visual Studio Version 16
VisualStudioVersion = 16.0.30104.148
MinimumVisualStudioVersion = 10.0.40219.1
Project("{9A19103F-16F7-4668-BE54-9A1E7A4F7556}") = "StatefulPatternFunctions", "StatefulPatternFunctions\StatefulPatternFunctions.csproj", "{3D66C99A-4660-43E7-B883-A9EA552228DC}"
EndProject
Project("{FAE04EC0-301F-11D3-BF4B-00C04F79EFBC}") = "StatefulPatternFunctions.Web", "StatefulPatternFunctions.Web\StatefulPatternFunctions.Web.csproj", "{D6D8EE31-99F8-4A47-BBAA-E70A7B324311}"
EndProject
Project("{FAE04EC0-301F-11D3-BF4B-00C04F79EFBC}") = "StatefulPatternFunctions.Rest", "StatefulPatternFunctions.Rest\StatefulPatternFunctions.Rest.csproj", "{F76F6BF2-A443-490A-B858-7872DE785794}"
EndProject
Project("{FAE04EC0-301F-11D3-BF4B-00C04F79EFBC}") = "StatefulPatternFunctions.Core", "StatefulPatternFunctions.Core\StatefulPatternFunctions.Core.csproj", "{F4AA85AC-06A3-455B-90A2-FF9C3BFAFAB5}"
EndProject
Global
	GlobalSection(SolutionConfigurationPlatforms) = preSolution
		Debug|Any CPU = Debug|Any CPU
		Release|Any CPU = Release|Any CPU
	EndGlobalSection
	GlobalSection(ProjectConfigurationPlatforms) = postSolution
		{3D66C99A-4660-43E7-B883-A9EA552228DC}.Debug|Any CPU.ActiveCfg = Debug|Any CPU
		{3D66C99A-4660-43E7-B883-A9EA552228DC}.Debug|Any CPU.Build.0 = Debug|Any CPU
		{3D66C99A-4660-43E7-B883-A9EA552228DC}.Release|Any CPU.ActiveCfg = Release|Any CPU
		{3D66C99A-4660-43E7-B883-A9EA552228DC}.Release|Any CPU.Build.0 = Release|Any CPU
		{D6D8EE31-99F8-4A47-BBAA-E70A7B324311}.Debug|Any CPU.ActiveCfg = Debug|Any CPU
		{D6D8EE31-99F8-4A47-BBAA-E70A7B324311}.Debug|Any CPU.Build.0 = Debug|Any CPU
		{D6D8EE31-99F8-4A47-BBAA-E70A7B324311}.Release|Any CPU.ActiveCfg = Release|Any CPU
		{D6D8EE31-99F8-4A47-BBAA-E70A7B324311}.Release|Any CPU.Build.0 = Release|Any CPU
		{F76F6BF2-A443-490A-B858-7872DE785794}.Debug|Any CPU.ActiveCfg = Debug|Any CPU
		{F76F6BF2-A443-490A-B858-7872DE785794}.Debug|Any CPU.Build.0 = Debug|Any CPU
		{F76F6BF2-A443-490A-B858-7872DE785794}.Release|Any CPU.ActiveCfg = Release|Any CPU
		{F76F6BF2-A443-490A-B858-7872DE785794}.Release|Any CPU.Build.0 = Release|Any CPU
		{F4AA85AC-06A3-455B-90A2-FF9C3BFAFAB5}.Debug|Any CPU.ActiveCfg = Debug|Any CPU
		{F4AA85AC-06A3-455B-90A2-FF9C3BFAFAB5}.Debug|Any CPU.Build.0 = Debug|Any CPU
		{F4AA85AC-06A3-455B-90A2-FF9C3BFAFAB5}.Release|Any CPU.ActiveCfg = Release|Any CPU
		{F4AA85AC-06A3-455B-90A2-FF9C3BFAFAB5}.Release|Any CPU.Build.0 = Release|Any CPU
	EndGlobalSection
	GlobalSection(SolutionProperties) = preSolution
		HideSolutionNode = FALSE
	EndGlobalSection
	GlobalSection(ExtensibilityGlobals) = postSolution
		SolutionGuid = {59267BE9-1346-4B54-B20E-2F223F5AB9F2}
	EndGlobalSection
EndGlobal
